
Microsoft Visual Studio Solution File, Format Version 12.00
# Visual Studio Version 17
VisualStudioVersion = 17.11.35208.52
MinimumVisualStudioVersion = 10.0.40219.1
Project("{FAE04EC0-301F-11D3-BF4B-00C04F79EFBC}") = "Practica1", "Practica1\Practica1.csproj", "{AEF47F6D-1539-452A-A055-BDC26811806C}"
EndProject
Global
	GlobalSection(SolutionConfigurationPlatforms) = preSolution
		Debug|Any CPU = Debug|Any CPU
		Release|Any CPU = Release|Any CPU
	EndGlobalSection
	GlobalSection(ProjectConfigurationPlatforms) = postSolution
		{AEF47F6D-1539-452A-A055-BDC26811806C}.Debug|Any CPU.ActiveCfg = Debug|Any CPU
		{AEF47F6D-1539-452A-A055-BDC26811806C}.Debug|Any CPU.Build.0 = Debug|Any CPU
		{AEF47F6D-1539-452A-A055-BDC26811806C}.Release|Any CPU.ActiveCfg = Release|Any CPU
		{AEF47F6D-1539-452A-A055-BDC26811806C}.Release|Any CPU.Build.0 = Release|Any CPU
	EndGlobalSection
	GlobalSection(SolutionProperties) = preSolution
		HideSolutionNode = FALSE
	EndGlobalSection
	GlobalSection(ExtensibilityGlobals) = postSolution
		SolutionGuid = {06918B09-E26D-42C6-B0C0-67F3DD4A78FE}
	EndGlobalSection
EndGlobal
